
Microsoft Visual Studio Solution File, Format Version 12.00
# Visual Studio Version 17
VisualStudioVersion = 17.14.36203.30 d17.14
MinimumVisualStudioVersion = 10.0.40219.1
Project("{FAE04EC0-301F-11D3-BF4B-00C04F79EFBC}") = "Lesson02_Exceptions", "Lesson02_Exceptions\Lesson02_Exceptions.csproj", "{84CF9895-49CA-4A05-8522-2A9AB65D0CD7}"
EndProject
Project("{FAE04EC0-301F-11D3-BF4B-00C04F79EFBC}") = "Lesson01", "Lesson01\Lesson01.csproj", "{CEE80D45-2506-4669-87DC-F9BD51015040}"
EndProject
Project("{FAE04EC0-301F-11D3-BF4B-00C04F79EFBC}") = "Lesson03_Inheritance", "Lesson03_Inheritance\Lesson03_Inheritance.csproj", "{E434B0BF-B2D1-4EB1-BB86-5D443CBF8001}"
EndProject
Global
	GlobalSection(SolutionConfigurationPlatforms) = preSolution
		Debug|Any CPU = Debug|Any CPU
		Release|Any CPU = Release|Any CPU
	EndGlobalSection
	GlobalSection(ProjectConfigurationPlatforms) = postSolution
		{84CF9895-49CA-4A05-8522-2A9AB65D0CD7}.Debug|Any CPU.ActiveCfg = Debug|Any CPU
		{84CF9895-49CA-4A05-8522-2A9AB65D0CD7}.Debug|Any CPU.Build.0 = Debug|Any CPU
		{84CF9895-49CA-4A05-8522-2A9AB65D0CD7}.Release|Any CPU.ActiveCfg = Release|Any CPU
		{84CF9895-49CA-4A05-8522-2A9AB65D0CD7}.Release|Any CPU.Build.0 = Release|Any CPU
		{CEE80D45-2506-4669-87DC-F9BD51015040}.Debug|Any CPU.ActiveCfg = Debug|Any CPU
		{CEE80D45-2506-4669-87DC-F9BD51015040}.Debug|Any CPU.Build.0 = Debug|Any CPU
		{CEE80D45-2506-4669-87DC-F9BD51015040}.Release|Any CPU.ActiveCfg = Release|Any CPU
		{CEE80D45-2506-4669-87DC-F9BD51015040}.Release|Any CPU.Build.0 = Release|Any CPU
		{E434B0BF-B2D1-4EB1-BB86-5D443CBF8001}.Debug|Any CPU.ActiveCfg = Debug|Any CPU
		{E434B0BF-B2D1-4EB1-BB86-5D443CBF8001}.Debug|Any CPU.Build.0 = Debug|Any CPU
		{E434B0BF-B2D1-4EB1-BB86-5D443CBF8001}.Release|Any CPU.ActiveCfg = Release|Any CPU
		{E434B0BF-B2D1-4EB1-BB86-5D443CBF8001}.Release|Any CPU.Build.0 = Release|Any CPU
	EndGlobalSection
	GlobalSection(SolutionProperties) = preSolution
		HideSolutionNode = FALSE
	EndGlobalSection
	GlobalSection(ExtensibilityGlobals) = postSolution
		SolutionGuid = {7AABA04B-4810-4914-8358-2353291DB79D}
	EndGlobalSection
EndGlobal
